
Microsoft Visual Studio Solution File, Format Version 12.00
# Visual Studio Version 17
VisualStudioVersion = 17.14.36202.13
MinimumVisualStudioVersion = 10.0.40219.1
Project("{FAE04EC0-301F-11D3-BF4B-00C04F79EFBC}") = "BookTracker.DAL", "BookTracker.DAL\BookTracker.DAL.csproj", "{0952654D-0B0D-4B0B-BC8A-D2D248191EFE}"
EndProject
Project("{FAE04EC0-301F-11D3-BF4B-00C04F79EFBC}") = "BookTracker.BLL", "BookTracker.BLL\BookTracker.BLL.csproj", "{7D09BEB8-E4DD-4966-A7CD-AFCE0D0F69F2}"
EndProject
Project("{FAE04EC0-301F-11D3-BF4B-00C04F79EFBC}") = "BlazorWebApp", "BlazorWebApp\BlazorWebApp.csproj", "{04192025-A989-4E19-8DF4-E47475C9A175}"
EndProject
Project("{FAE04EC0-301F-11D3-BF4B-00C04F79EFBC}") = "BookTracker.Resources", "Resources\BookTracker.Resources.csproj", "{4BA870C2-0536-4B51-B594-FB9273C4E37B}"
EndProject
Project("{FAE04EC0-301F-11D3-BF4B-00C04F79EFBC}") = "BookTracker.Jobs", "BookTracker.Jobs\BookTracker.Jobs.csproj", "{00D558DB-26F4-492D-AC1B-6DFED96C8C78}"
EndProject
Project("{FAE04EC0-301F-11D3-BF4B-00C04F79EFBC}") = "BookTracker.Common", "BookTracker.Common\BookTracker.Common.csproj", "{FE36D032-A651-41F6-91B5-DD7A62ABE1CB}"
EndProject
Project("{FAE04EC0-301F-11D3-BF4B-00C04F79EFBC}") = "BookTracker.Automapper", "BookTracker.Automapper\BookTracker.Automapper.csproj", "{80BDA07B-F6BE-47D7-AD06-0FB1CEC52A28}"
EndProject
Project("{FAE04EC0-301F-11D3-BF4B-00C04F79EFBC}") = "BookTracker.Tests", "BookTracker.Tests\BookTracker.Tests.csproj", "{AC0EF4A8-A39A-470D-852D-F4B1D6AB00F9}"
EndProject
Global
	GlobalSection(SolutionConfigurationPlatforms) = preSolution
		Debug|Any CPU = Debug|Any CPU
		Release|Any CPU = Release|Any CPU
	EndGlobalSection
	GlobalSection(ProjectConfigurationPlatforms) = postSolution
		{0952654D-0B0D-4B0B-BC8A-D2D248191EFE}.Debug|Any CPU.ActiveCfg = Debug|Any CPU
		{0952654D-0B0D-4B0B-BC8A-D2D248191EFE}.Debug|Any CPU.Build.0 = Debug|Any CPU
		{0952654D-0B0D-4B0B-BC8A-D2D248191EFE}.Release|Any CPU.ActiveCfg = Release|Any CPU
		{0952654D-0B0D-4B0B-BC8A-D2D248191EFE}.Release|Any CPU.Build.0 = Release|Any CPU
		{7D09BEB8-E4DD-4966-A7CD-AFCE0D0F69F2}.Debug|Any CPU.ActiveCfg = Debug|Any CPU
		{7D09BEB8-E4DD-4966-A7CD-AFCE0D0F69F2}.Debug|Any CPU.Build.0 = Debug|Any CPU
		{7D09BEB8-E4DD-4966-A7CD-AFCE0D0F69F2}.Release|Any CPU.ActiveCfg = Release|Any CPU
		{7D09BEB8-E4DD-4966-A7CD-AFCE0D0F69F2}.Release|Any CPU.Build.0 = Release|Any CPU
		{04192025-A989-4E19-8DF4-E47475C9A175}.Debug|Any CPU.ActiveCfg = Debug|Any CPU
		{04192025-A989-4E19-8DF4-E47475C9A175}.Debug|Any CPU.Build.0 = Debug|Any CPU
		{04192025-A989-4E19-8DF4-E47475C9A175}.Release|Any CPU.ActiveCfg = Release|Any CPU
		{04192025-A989-4E19-8DF4-E47475C9A175}.Release|Any CPU.Build.0 = Release|Any CPU
		{4BA870C2-0536-4B51-B594-FB9273C4E37B}.Debug|Any CPU.ActiveCfg = Debug|Any CPU
		{4BA870C2-0536-4B51-B594-FB9273C4E37B}.Debug|Any CPU.Build.0 = Debug|Any CPU
		{4BA870C2-0536-4B51-B594-FB9273C4E37B}.Release|Any CPU.ActiveCfg = Release|Any CPU
		{4BA870C2-0536-4B51-B594-FB9273C4E37B}.Release|Any CPU.Build.0 = Release|Any CPU
		{00D558DB-26F4-492D-AC1B-6DFED96C8C78}.Debug|Any CPU.ActiveCfg = Debug|Any CPU
		{00D558DB-26F4-492D-AC1B-6DFED96C8C78}.Debug|Any CPU.Build.0 = Debug|Any CPU
		{00D558DB-26F4-492D-AC1B-6DFED96C8C78}.Release|Any CPU.ActiveCfg = Release|Any CPU
		{00D558DB-26F4-492D-AC1B-6DFED96C8C78}.Release|Any CPU.Build.0 = Release|Any CPU
		{FE36D032-A651-41F6-91B5-DD7A62ABE1CB}.Debug|Any CPU.ActiveCfg = Debug|Any CPU
		{FE36D032-A651-41F6-91B5-DD7A62ABE1CB}.Debug|Any CPU.Build.0 = Debug|Any CPU
		{FE36D032-A651-41F6-91B5-DD7A62ABE1CB}.Release|Any CPU.ActiveCfg = Release|Any CPU
		{FE36D032-A651-41F6-91B5-DD7A62ABE1CB}.Release|Any CPU.Build.0 = Release|Any CPU
		{80BDA07B-F6BE-47D7-AD06-0FB1CEC52A28}.Debug|Any CPU.ActiveCfg = Debug|Any CPU
		{80BDA07B-F6BE-47D7-AD06-0FB1CEC52A28}.Debug|Any CPU.Build.0 = Debug|Any CPU
		{80BDA07B-F6BE-47D7-AD06-0FB1CEC52A28}.Release|Any CPU.ActiveCfg = Release|Any CPU
		{80BDA07B-F6BE-47D7-AD06-0FB1CEC52A28}.Release|Any CPU.Build.0 = Release|Any CPU
		{AC0EF4A8-A39A-470D-852D-F4B1D6AB00F9}.Debug|Any CPU.ActiveCfg = Debug|Any CPU
		{AC0EF4A8-A39A-470D-852D-F4B1D6AB00F9}.Debug|Any CPU.Build.0 = Debug|Any CPU
		{AC0EF4A8-A39A-470D-852D-F4B1D6AB00F9}.Release|Any CPU.ActiveCfg = Release|Any CPU
		{AC0EF4A8-A39A-470D-852D-F4B1D6AB00F9}.Release|Any CPU.Build.0 = Release|Any CPU
	EndGlobalSection
	GlobalSection(SolutionProperties) = preSolution
		HideSolutionNode = FALSE
	EndGlobalSection
	GlobalSection(ExtensibilityGlobals) = postSolution
		SolutionGuid = {F9FECCFB-F467-47D9-A4F1-8B03679F7EB8}
	EndGlobalSection
EndGlobal
